
Microsoft Visual Studio Solution File, Format Version 12.00
# Visual Studio 14
VisualStudioVersion = 14.0.25420.1
MinimumVisualStudioVersion = 10.0.40219.1
Project("{FAE04EC0-301F-11D3-BF4B-00C04F79EFBC}") = "TPI.Common", "TPI.Common\TPI.Common.csproj", "{BBE0A2EC-5750-45BA-B051-C3D3815D5339}"
EndProject
Project("{FAE04EC0-301F-11D3-BF4B-00C04F79EFBC}") = "TPI.HeNan", "TPI.HeNan\TPI.HeNan.csproj", "{945AC775-E358-41BC-B4C4-2424F049CCFF}"
EndProject
Project("{FAE04EC0-301F-11D3-BF4B-00C04F79EFBC}") = "TPI.ChangCun", "TPI.ChangCun\TPI.ChangCun.csproj", "{8BE690FA-A1A8-4E0F-BB39-8336E470AB74}"
EndProject
Project("{FAE04EC0-301F-11D3-BF4B-00C04F79EFBC}") = "TPI.BLL", "TPI.BLL\TPI.BLL.csproj", "{6466A8B7-10A7-4750-85E7-A3D04BD3A33D}"
EndProject
Project("{FAE04EC0-301F-11D3-BF4B-00C04F79EFBC}") = "TPI.Server", "TPI.Server\TPI.Server.csproj", "{D3F54F3D-49ED-46C9-9E2B-E8AF8669632A}"
EndProject
Project("{2150E333-8FDC-42A3-9474-1A3956D46DE8}") = "Frame", "Frame", "{73FEA05C-3C45-4B27-BEE4-9E970A978236}"
EndProject
Project("{FAE04EC0-301F-11D3-BF4B-00C04F79EFBC}") = "TPI.HangZhou", "TPI.HangZhou\TPI.HangZhou.csproj", "{A325332A-7158-4F81-A1DB-96756D47431B}"
EndProject
Project("{FAE04EC0-301F-11D3-BF4B-00C04F79EFBC}") = "TPI.ShangHaiQiXie", "TPI.ShangHaiQiXie\TPI.ShangHaiQiXie.csproj", "{98A6510D-FB03-4A1C-826B-E36508AAE2FF}"
EndProject
Project("{FAE04EC0-301F-11D3-BF4B-00C04F79EFBC}") = "TPI.BeiJing", "TPI.BeiJing\TPI.BeiJing.csproj", "{9009C70C-C4AB-444E-97DE-F62B9D342A37}"
EndProject
Project("{FAE04EC0-301F-11D3-BF4B-00C04F79EFBC}") = "TPI.FuJian", "TPI.FuJian\TPI.FuJian.csproj", "{B4E17A9B-A0C7-445E-A4F4-254903A7892D}"
EndProject
Project("{FAE04EC0-301F-11D3-BF4B-00C04F79EFBC}") = "TPI.ShangHaiGPO", "TPI.ShangHaiGPO\TPI.ShangHaiGPO.csproj", "{9030FEC9-017A-4BB9-ABA2-AFFE3BF87EC4}"
EndProject
Global
	GlobalSection(SolutionConfigurationPlatforms) = preSolution
		Debug|Any CPU = Debug|Any CPU
		Release|Any CPU = Release|Any CPU
	EndGlobalSection
	GlobalSection(ProjectConfigurationPlatforms) = postSolution
		{BBE0A2EC-5750-45BA-B051-C3D3815D5339}.Debug|Any CPU.ActiveCfg = Debug|Any CPU
		{BBE0A2EC-5750-45BA-B051-C3D3815D5339}.Debug|Any CPU.Build.0 = Debug|Any CPU
		{BBE0A2EC-5750-45BA-B051-C3D3815D5339}.Release|Any CPU.ActiveCfg = Release|Any CPU
		{BBE0A2EC-5750-45BA-B051-C3D3815D5339}.Release|Any CPU.Build.0 = Release|Any CPU
		{945AC775-E358-41BC-B4C4-2424F049CCFF}.Debug|Any CPU.ActiveCfg = Debug|Any CPU
		{945AC775-E358-41BC-B4C4-2424F049CCFF}.Debug|Any CPU.Build.0 = Debug|Any CPU
		{945AC775-E358-41BC-B4C4-2424F049CCFF}.Release|Any CPU.ActiveCfg = Release|Any CPU
		{945AC775-E358-41BC-B4C4-2424F049CCFF}.Release|Any CPU.Build.0 = Release|Any CPU
		{8BE690FA-A1A8-4E0F-BB39-8336E470AB74}.Debug|Any CPU.ActiveCfg = Debug|Any CPU
		{8BE690FA-A1A8-4E0F-BB39-8336E470AB74}.Debug|Any CPU.Build.0 = Debug|Any CPU
		{8BE690FA-A1A8-4E0F-BB39-8336E470AB74}.Release|Any CPU.ActiveCfg = Release|Any CPU
		{8BE690FA-A1A8-4E0F-BB39-8336E470AB74}.Release|Any CPU.Build.0 = Release|Any CPU
		{6466A8B7-10A7-4750-85E7-A3D04BD3A33D}.Debug|Any CPU.ActiveCfg = Debug|Any CPU
		{6466A8B7-10A7-4750-85E7-A3D04BD3A33D}.Debug|Any CPU.Build.0 = Debug|Any CPU
		{6466A8B7-10A7-4750-85E7-A3D04BD3A33D}.Release|Any CPU.ActiveCfg = Release|Any CPU
		{6466A8B7-10A7-4750-85E7-A3D04BD3A33D}.Release|Any CPU.Build.0 = Release|Any CPU
		{D3F54F3D-49ED-46C9-9E2B-E8AF8669632A}.Debug|Any CPU.ActiveCfg = Debug|Any CPU
		{D3F54F3D-49ED-46C9-9E2B-E8AF8669632A}.Debug|Any CPU.Build.0 = Debug|Any CPU
		{D3F54F3D-49ED-46C9-9E2B-E8AF8669632A}.Release|Any CPU.ActiveCfg = Release|Any CPU
		{D3F54F3D-49ED-46C9-9E2B-E8AF8669632A}.Release|Any CPU.Build.0 = Release|Any CPU
		{A325332A-7158-4F81-A1DB-96756D47431B}.Debug|Any CPU.ActiveCfg = Debug|Any CPU
		{A325332A-7158-4F81-A1DB-96756D47431B}.Debug|Any CPU.Build.0 = Debug|Any CPU
		{A325332A-7158-4F81-A1DB-96756D47431B}.Release|Any CPU.ActiveCfg = Release|Any CPU
		{A325332A-7158-4F81-A1DB-96756D47431B}.Release|Any CPU.Build.0 = Release|Any CPU
		{98A6510D-FB03-4A1C-826B-E36508AAE2FF}.Debug|Any CPU.ActiveCfg = Debug|Any CPU
		{98A6510D-FB03-4A1C-826B-E36508AAE2FF}.Debug|Any CPU.Build.0 = Debug|Any CPU
		{98A6510D-FB03-4A1C-826B-E36508AAE2FF}.Release|Any CPU.ActiveCfg = Release|Any CPU
		{98A6510D-FB03-4A1C-826B-E36508AAE2FF}.Release|Any CPU.Build.0 = Release|Any CPU
		{9009C70C-C4AB-444E-97DE-F62B9D342A37}.Debug|Any CPU.ActiveCfg = Debug|Any CPU
		{9009C70C-C4AB-444E-97DE-F62B9D342A37}.Debug|Any CPU.Build.0 = Debug|Any CPU
		{9009C70C-C4AB-444E-97DE-F62B9D342A37}.Release|Any CPU.ActiveCfg = Release|Any CPU
		{9009C70C-C4AB-444E-97DE-F62B9D342A37}.Release|Any CPU.Build.0 = Release|Any CPU
		{B4E17A9B-A0C7-445E-A4F4-254903A7892D}.Debug|Any CPU.ActiveCfg = Debug|Any CPU
		{B4E17A9B-A0C7-445E-A4F4-254903A7892D}.Debug|Any CPU.Build.0 = Debug|Any CPU
		{B4E17A9B-A0C7-445E-A4F4-254903A7892D}.Release|Any CPU.ActiveCfg = Release|Any CPU
		{B4E17A9B-A0C7-445E-A4F4-254903A7892D}.Release|Any CPU.Build.0 = Release|Any CPU
		{9030FEC9-017A-4BB9-ABA2-AFFE3BF87EC4}.Debug|Any CPU.ActiveCfg = Debug|Any CPU
		{9030FEC9-017A-4BB9-ABA2-AFFE3BF87EC4}.Debug|Any CPU.Build.0 = Debug|Any CPU
		{9030FEC9-017A-4BB9-ABA2-AFFE3BF87EC4}.Release|Any CPU.ActiveCfg = Release|Any CPU
		{9030FEC9-017A-4BB9-ABA2-AFFE3BF87EC4}.Release|Any CPU.Build.0 = Release|Any CPU
	EndGlobalSection
	GlobalSection(SolutionProperties) = preSolution
		HideSolutionNode = FALSE
	EndGlobalSection
	GlobalSection(NestedProjects) = preSolution
		{BBE0A2EC-5750-45BA-B051-C3D3815D5339} = {73FEA05C-3C45-4B27-BEE4-9E970A978236}
		{6466A8B7-10A7-4750-85E7-A3D04BD3A33D} = {73FEA05C-3C45-4B27-BEE4-9E970A978236}
		{D3F54F3D-49ED-46C9-9E2B-E8AF8669632A} = {73FEA05C-3C45-4B27-BEE4-9E970A978236}
	EndGlobalSection
EndGlobal
